
Microsoft Visual Studio Solution File, Format Version 12.00
# Visual Studio Version 16
VisualStudioVersion = 16.0.30503.244
MinimumVisualStudioVersion = 10.0.40219.1
Project("{FAE04EC0-301F-11D3-BF4B-00C04F79EFBC}") = "ASPMVC", "ASPMVC\ASPMVC.csproj", "{4852D8AB-7EFB-4BB4-89CC-37D5FDEBF9ED}"
EndProject
Project("{FAE04EC0-301F-11D3-BF4B-00C04F79EFBC}") = "WebApplication1", "WebApplication1\WebApplication1.csproj", "{4E18BD5D-EC2E-46A7-A269-FA801E13CEEB}"
EndProject
Global
	GlobalSection(SolutionConfigurationPlatforms) = preSolution
		Debug|Any CPU = Debug|Any CPU
		Release|Any CPU = Release|Any CPU
	EndGlobalSection
	GlobalSection(ProjectConfigurationPlatforms) = postSolution
		{4852D8AB-7EFB-4BB4-89CC-37D5FDEBF9ED}.Debug|Any CPU.ActiveCfg = Debug|Any CPU
		{4852D8AB-7EFB-4BB4-89CC-37D5FDEBF9ED}.Debug|Any CPU.Build.0 = Debug|Any CPU
		{4852D8AB-7EFB-4BB4-89CC-37D5FDEBF9ED}.Release|Any CPU.ActiveCfg = Release|Any CPU
		{4852D8AB-7EFB-4BB4-89CC-37D5FDEBF9ED}.Release|Any CPU.Build.0 = Release|Any CPU
		{4E18BD5D-EC2E-46A7-A269-FA801E13CEEB}.Debug|Any CPU.ActiveCfg = Debug|Any CPU
		{4E18BD5D-EC2E-46A7-A269-FA801E13CEEB}.Debug|Any CPU.Build.0 = Debug|Any CPU
		{4E18BD5D-EC2E-46A7-A269-FA801E13CEEB}.Release|Any CPU.ActiveCfg = Release|Any CPU
		{4E18BD5D-EC2E-46A7-A269-FA801E13CEEB}.Release|Any CPU.Build.0 = Release|Any CPU
	EndGlobalSection
	GlobalSection(SolutionProperties) = preSolution
		HideSolutionNode = FALSE
	EndGlobalSection
	GlobalSection(ExtensibilityGlobals) = postSolution
		SolutionGuid = {50C9C03F-A3CE-4BFF-A7D6-A0FEA7B8BE85}
	EndGlobalSection
EndGlobal
